// !$*UTF8*$!
{
	archiveVersion = 1;
	classes = {
	};
	objectVersion = 46;
	objects = {

/* Begin PBXBuildFile section */
		3A07204E1EA50B990067DDB4 /* main.m in Sources */ = {isa = PBXBuildFile; fileRef = 3A07204D1EA50B990067DDB4 /* main.m */; };
		3A0720511EA50B990067DDB4 /* AppDelegate.m in Sources */ = {isa = PBXBuildFile; fileRef = 3A0720501EA50B990067DDB4 /* AppDelegate.m */; };
		3A0720541EA50B990067DDB4 /* ViewController.m in Sources */ = {isa = PBXBuildFile; fileRef = 3A0720531EA50B990067DDB4 /* ViewController.m */; };
		3A0720571EA50B990067DDB4 /* Main.storyboard in Resources */ = {isa = PBXBuildFile; fileRef = 3A0720551EA50B990067DDB4 /* Main.storyboard */; };
		3A0720591EA50B990067DDB4 /* Assets.xcassets in Resources */ = {isa = PBXBuildFile; fileRef = 3A0720581EA50B990067DDB4 /* Assets.xcassets */; };
		3A07205C1EA50B990067DDB4 /* LaunchScreen.storyboard in Resources */ = {isa = PBXBuildFile; fileRef = 3A07205A1EA50B990067DDB4 /* LaunchScreen.storyboard */; };
		3A0720651EA50CB10067DDB4 /* ECOClass.m in Sources */ = {isa = PBXBuildFile; fileRef = 3A0720641EA50CB10067DDB4 /* ECOClass.m */; };
		3AB106291EA5CBA0009BB5E9 /* ECOViewController.m in Sources */ = {isa = PBXBuildFile; fileRef = 3AB106281EA5CBA0009BB5E9 /* ECOViewController.m */; };
		3AB1062F1EA5D0C8009BB5E9 /* NSTimer+ECO.m in Sources */ = {isa = PBXBuildFile; fileRef = 3AB1062E1EA5D0C8009BB5E9 /* NSTimer+ECO.m */; };
		3AB106321EA5D1C3009BB5E9 /* ECOTimerClass.m in Sources */ = {isa = PBXBuildFile; fileRef = 3AB106311EA5D1C3009BB5E9 /* ECOTimerClass.m */; };
		3AB106351EA5D250009BB5E9 /* ECOTimerViewController.m in Sources */ = {isa = PBXBuildFile; fileRef = 3AB106341EA5D250009BB5E9 /* ECOTimerViewController.m */; };
/* End PBXBuildFile section */

/* Begin PBXFileReference section */
		3A0720491EA50B990067DDB4 /* EOCTimer.app */ = {isa = PBXFileReference; explicitFileType = wrapper.application; includeInIndex = 0; path = EOCTimer.app; sourceTree = BUILT_PRODUCTS_DIR; };
		3A07204D1EA50B990067DDB4 /* main.m */ = {isa = PBXFileReference; lastKnownFileType = sourcecode.c.objc; path = main.m; sourceTree = "<group>"; };
		3A07204F1EA50B990067DDB4 /* AppDelegate.h */ = {isa = PBXFileReference; lastKnownFileType = sourcecode.c.h; path = AppDelegate.h; sourceTree = "<group>"; };
		3A0720501EA50B990067DDB4 /* AppDelegate.m */ = {isa = PBXFileReference; lastKnownFileType = sourcecode.c.objc; path = AppDelegate.m; sourceTree = "<group>"; };
		3A0720521EA50B990067DDB4 /* ViewController.h */ = {isa = PBXFileReference; lastKnownFileType = sourcecode.c.h; path = ViewController.h; sourceTree = "<group>"; };
		3A0720531EA50B990067DDB4 /* ViewController.m */ = {isa = PBXFileReference; lastKnownFileType = sourcecode.c.objc; path = ViewController.m; sourceTree = "<group>"; };
		3A0720561EA50B990067DDB4 /* Base */ = {isa = PBXFileReference; lastKnownFileType = file.storyboard; name = Base; path = Base.lproj/Main.storyboard; sourceTree = "<group>"; };
		3A0720581EA50B990067DDB4 /* Assets.xcassets */ = {isa = PBXFileReference; lastKnownFileType = folder.assetcatalog; path = Assets.xcassets; sourceTree = "<group>"; };
		3A07205B1EA50B990067DDB4 /* Base */ = {isa = PBXFileReference; lastKnownFileType = file.storyboard; name = Base; path = Base.lproj/LaunchScreen.storyboard; sourceTree = "<group>"; };
		3A07205D1EA50B990067DDB4 /* Info.plist */ = {isa = PBXFileReference; lastKnownFileType = text.plist.xml; path = Info.plist; sourceTree = "<group>"; };
		3A0720631EA50CB10067DDB4 /* ECOClass.h */ = {isa = PBXFileReference; fileEncoding = 4; lastKnownFileType = sourcecode.c.h; path = ECOClass.h; sourceTree = "<group>"; };
		3A0720641EA50CB10067DDB4 /* ECOClass.m */ = {isa = PBXFileReference; fileEncoding = 4; lastKnownFileType = sourcecode.c.objc; path = ECOClass.m; sourceTree = "<group>"; };
		3AB106271EA5CBA0009BB5E9 /* ECOViewController.h */ = {isa = PBXFileReference; fileEncoding = 4; lastKnownFileType = sourcecode.c.h; path = ECOViewController.h; sourceTree = "<group>"; };
		3AB106281EA5CBA0009BB5E9 /* ECOViewController.m */ = {isa = PBXFileReference; fileEncoding = 4; lastKnownFileType = sourcecode.c.objc; path = ECOViewController.m; sourceTree = "<group>"; };
		3AB1062D1EA5D0C8009BB5E9 /* NSTimer+ECO.h */ = {isa = PBXFileReference; fileEncoding = 4; lastKnownFileType = sourcecode.c.h; path = "NSTimer+ECO.h"; sourceTree = "<group>"; };
		3AB1062E1EA5D0C8009BB5E9 /* NSTimer+ECO.m */ = {isa = PBXFileReference; fileEncoding = 4; lastKnownFileType = sourcecode.c.objc; path = "NSTimer+ECO.m"; sourceTree = "<group>"; };
		3AB106301EA5D1C3009BB5E9 /* ECOTimerClass.h */ = {isa = PBXFileReference; fileEncoding = 4; lastKnownFileType = sourcecode.c.h; path = ECOTimerClass.h; sourceTree = "<group>"; };
		3AB106311EA5D1C3009BB5E9 /* ECOTimerClass.m */ = {isa = PBXFileReference; fileEncoding = 4; lastKnownFileType = sourcecode.c.objc; path = ECOTimerClass.m; sourceTree = "<group>"; };
		3AB106331EA5D250009BB5E9 /* ECOTimerViewController.h */ = {isa = PBXFileReference; fileEncoding = 4; lastKnownFileType = sourcecode.c.h; path = ECOTimerViewController.h; sourceTree = "<group>"; };
		3AB106341EA5D250009BB5E9 /* ECOTimerViewController.m */ = {isa = PBXFileReference; fileEncoding = 4; lastKnownFileType = sourcecode.c.objc; path = ECOTimerViewController.m; sourceTree = "<group>"; };
/* End PBXFileReference section */

/* Begin PBXFrameworksBuildPhase section */
		3A0720461EA50B990067DDB4 /* Frameworks */ = {
			isa = PBXFrameworksBuildPhase;
			buildActionMask = 2147483647;
			files = (
			);
			runOnlyForDeploymentPostprocessing = 0;
		};
/* End PBXFrameworksBuildPhase section */

/* Begin PBXGroup section */
		3A0720401EA50B990067DDB4 = {
			isa = PBXGroup;
			children = (
				3A07204B1EA50B990067DDB4 /* EOCTimer */,
				3A07204A1EA50B990067DDB4 /* Products */,
			);
			sourceTree = "<group>";
		};
		3A07204A1EA50B990067DDB4 /* Products */ = {
			isa = PBXGroup;
			children = (
				3A0720491EA50B990067DDB4 /* EOCTimer.app */,
			);
			name = Products;
			sourceTree = "<group>";
		};
		3A07204B1EA50B990067DDB4 /* EOCTimer */ = {
			isa = PBXGroup;
			children = (
				3AB1062D1EA5D0C8009BB5E9 /* NSTimer+ECO.h */,
				3AB1062E1EA5D0C8009BB5E9 /* NSTimer+ECO.m */,
				3AB106301EA5D1C3009BB5E9 /* ECOTimerClass.h */,
				3AB106311EA5D1C3009BB5E9 /* ECOTimerClass.m */,
				3AB106331EA5D250009BB5E9 /* ECOTimerViewController.h */,
				3AB106341EA5D250009BB5E9 /* ECOTimerViewController.m */,
				3A07204F1EA50B990067DDB4 /* AppDelegate.h */,
				3A0720501EA50B990067DDB4 /* AppDelegate.m */,
				3A0720521EA50B990067DDB4 /* ViewController.h */,
				3A0720531EA50B990067DDB4 /* ViewController.m */,
				3A0720551EA50B990067DDB4 /* Main.storyboard */,
				3A0720581EA50B990067DDB4 /* Assets.xcassets */,
				3A07205A1EA50B990067DDB4 /* LaunchScreen.storyboard */,
				3A07205D1EA50B990067DDB4 /* Info.plist */,
				3A07204C1EA50B990067DDB4 /* Supporting Files */,
				3A0720631EA50CB10067DDB4 /* ECOClass.h */,
				3A0720641EA50CB10067DDB4 /* ECOClass.m */,
				3AB106271EA5CBA0009BB5E9 /* ECOViewController.h */,
				3AB106281EA5CBA0009BB5E9 /* ECOViewController.m */,
			);
			path = EOCTimer;
			sourceTree = "<group>";
		};
		3A07204C1EA50B990067DDB4 /* Supporting Files */ = {
			isa = PBXGroup;
			children = (
				3A07204D1EA50B990067DDB4 /* main.m */,
			);
			name = "Supporting Files";
			sourceTree = "<group>";
		};
/* End PBXGroup section */

/* Begin PBXNativeTarget section */
		3A0720481EA50B990067DDB4 /* EOCTimer */ = {
			isa = PBXNativeTarget;
			buildConfigurationList = 3A0720601EA50B990067DDB4 /* Build configuration list for PBXNativeTarget "EOCTimer" */;
			buildPhases = (
				3A0720451EA50B990067DDB4 /* Sources */,
				3A0720461EA50B990067DDB4 /* Frameworks */,
				3A0720471EA50B990067DDB4 /* Resources */,
			);
			buildRules = (
			);
			dependencies = (
			);
			name = EOCTimer;
			productName = EOCTimer;
			productReference = 3A0720491EA50B990067DDB4 /* EOCTimer.app */;
			productType = "com.apple.product-type.application";
		};
/* End PBXNativeTarget section */

/* Begin PBXProject section */
		3A0720411EA50B990067DDB4 /* Project object */ = {
			isa = PBXProject;
			attributes = {
				LastUpgradeCheck = 0820;
				ORGANIZATIONNAME = "藏银";
				TargetAttributes = {
					3A0720481EA50B990067DDB4 = {
						CreatedOnToolsVersion = 8.2;
						ProvisioningStyle = Automatic;
					};
				};
			};
			buildConfigurationList = 3A0720441EA50B990067DDB4 /* Build configuration list for PBXProject "EOCTimer" */;
			compatibilityVersion = "Xcode 3.2";
			developmentRegion = English;
			hasScannedForEncodings = 0;
			knownRegions = (
				en,
				Base,
			);
			mainGroup = 3A0720401EA50B990067DDB4;
			productRefGroup = 3A07204A1EA50B990067DDB4 /* Products */;
			projectDirPath = "";
			projectRoot = "";
			targets = (
				3A0720481EA50B990067DDB4 /* EOCTimer */,
			);
		};
/* End PBXProject section */

/* Begin PBXResourcesBuildPhase section */
		3A0720471EA50B990067DDB4 /* Resources */ = {
			isa = PBXResourcesBuildPhase;
			buildActionMask = 2147483647;
			files = (
				3A07205C1EA50B990067DDB4 /* LaunchScreen.storyboard in Resources */,
				3A0720591EA50B990067DDB4 /* Assets.xcassets in Resources */,
				3A0720571EA50B990067DDB4 /* Main.storyboard in Resources */,
			);
			runOnlyForDeploymentPostprocessing = 0;
		};
/* End PBXResourcesBuildPhase section */

/* Begin PBXSourcesBuildPhase section */
		3A0720451EA50B990067DDB4 /* Sources */ = {
			isa = PBXSourcesBuildPhase;
			buildActionMask = 2147483647;
			files = (
				3A0720541EA50B990067DDB4 /* ViewController.m in Sources */,
				3A0720511EA50B990067DDB4 /* AppDelegate.m in Sources */,
				3AB106351EA5D250009BB5E9 /* ECOTimerViewController.m in Sources */,
				3AB106291EA5CBA0009BB5E9 /* ECOViewController.m in Sources */,
				3A0720651EA50CB10067DDB4 /* ECOClass.m in Sources */,
				3AB1062F1EA5D0C8009BB5E9 /* NSTimer+ECO.m in Sources */,
				3A07204E1EA50B990067DDB4 /* main.m in Sources */,
				3AB106321EA5D1C3009BB5E9 /* ECOTimerClass.m in Sources */,
			);
			runOnlyForDeploymentPostprocessing = 0;
		};
/* End PBXSourcesBuildPhase section */

/* Begin PBXVariantGroup section */
		3A0720551EA50B990067DDB4 /* Main.storyboard */ = {
			isa = PBXVariantGroup;
			children = (
				3A0720561EA50B990067DDB4 /* Base */,
			);
			name = Main.storyboard;
			sourceTree = "<group>";
		};
		3A07205A1EA50B990067DDB4 /* LaunchScreen.storyboard */ = {
			isa = PBXVariantGroup;
			children = (
				3A07205B1EA50B990067DDB4 /* Base */,
			);
			name = LaunchScreen.storyboard;
			sourceTree = "<group>";
		};
/* End PBXVariantGroup section */

/* Begin XCBuildConfiguration section */
		3A07205E1EA50B990067DDB4 /* Debug */ = {
			isa = XCBuildConfiguration;
			buildSettings = {
				ALWAYS_SEARCH_USER_PATHS = NO;
				CLANG_ANALYZER_NONNULL = YES;
				CLANG_CXX_LANGUAGE_STANDARD = "gnu++0x";
				CLANG_CXX_LIBRARY = "libc++";
				CLANG_ENABLE_MODULES = YES;
				CLANG_ENABLE_OBJC_ARC = YES;
				CLANG_WARN_BOOL_CONVERSION = YES;
				CLANG_WARN_CONSTANT_CONVERSION = YES;
				CLANG_WARN_DIRECT_OBJC_ISA_USAGE = YES_ERROR;
				CLANG_WARN_DOCUMENTATION_COMMENTS = YES;
				CLANG_WARN_EMPTY_BODY = YES;
				CLANG_WARN_ENUM_CONVERSION = YES;
				CLANG_WARN_INFINITE_RECURSION = YES;
				CLANG_WARN_INT_CONVERSION = YES;
				CLANG_WARN_OBJC_ROOT_CLASS = YES_ERROR;
				CLANG_WARN_SUSPICIOUS_MOVE = YES;
				CLANG_WARN_UNREACHABLE_CODE = YES;
				CLANG_WARN__DUPLICATE_METHOD_MATCH = YES;
				"CODE_SIGN_IDENTITY[sdk=iphoneos*]" = "iPhone Developer";
				COPY_PHASE_STRIP = NO;
				DEBUG_INFORMATION_FORMAT = dwarf;
				ENABLE_STRICT_OBJC_MSGSEND = YES;
				ENABLE_TESTABILITY = YES;
				GCC_C_LANGUAGE_STANDARD = gnu99;
				GCC_DYNAMIC_NO_PIC = NO;
				GCC_NO_COMMON_BLOCKS = YES;
				GCC_OPTIMIZATION_LEVEL = 0;
				GCC_PREPROCESSOR_DEFINITIONS = (
					"DEBUG=1",
					"$(inherited)",
				);
				GCC_WARN_64_TO_32_BIT_CONVERSION = YES;
				GCC_WARN_ABOUT_RETURN_TYPE = YES_ERROR;
				GCC_WARN_UNDECLARED_SELECTOR = YES;
				GCC_WARN_UNINITIALIZED_AUTOS = YES_AGGRESSIVE;
				GCC_WARN_UNUSED_FUNCTION = YES;
				GCC_WARN_UNUSED_VARIABLE = YES;
				IPHONEOS_DEPLOYMENT_TARGET = 10.2;
				MTL_ENABLE_DEBUG_INFO = YES;
				ONLY_ACTIVE_ARCH = YES;
				SDKROOT = iphoneos;
				TARGETED_DEVICE_FAMILY = "1,2";
			};
			name = Debug;
		};
		3A07205F1EA50B990067DDB4 /* Release */ = {
			isa = XCBuildConfiguration;
			buildSettings = {
				ALWAYS_SEARCH_USER_PATHS = NO;
				CLANG_ANALYZER_NONNULL = YES;
				CLANG_CXX_LANGUAGE_STANDARD = "gnu++0x";
				CLANG_CXX_LIBRARY = "libc++";
				CLANG_ENABLE_MODULES = YES;
				CLANG_ENABLE_OBJC_ARC = YES;
				CLANG_WARN_BOOL_CONVERSION = YES;
				CLANG_WARN_CONSTANT_CONVERSION = YES;
				CLANG_WARN_DIRECT_OBJC_ISA_USAGE = YES_ERROR;
				CLANG_WARN_DOCUMENTATION_COMMENTS = YES;
				CLANG_WARN_EMPTY_BODY = YES;
				CLANG_WARN_ENUM_CONVERSION = YES;
				CLANG_WARN_INFINITE_RECURSION = YES;
				CLANG_WARN_INT_CONVERSION = YES;
				CLANG_WARN_OBJC_ROOT_CLASS = YES_ERROR;
				CLANG_WARN_SUSPICIOUS_MOVE = YES;
				CLANG_WARN_UNREACHABLE_CODE = YES;
				CLANG_WARN__DUPLICATE_METHOD_MATCH = YES;
				"CODE_SIGN_IDENTITY[sdk=iphoneos*]" = "iPhone Developer";
				COPY_PHASE_STRIP = NO;
				DEBUG_INFORMATION_FORMAT = "dwarf-with-dsym";
				ENABLE_NS_ASSERTIONS = NO;
				ENABLE_STRICT_OBJC_MSGSEND = YES;
				GCC_C_LANGUAGE_STANDARD = gnu99;
				GCC_NO_COMMON_BLOCKS = YES;
				GCC_WARN_64_TO_32_BIT_CONVERSION = YES;
				GCC_WARN_ABOUT_RETURN_TYPE = YES_ERROR;
				GCC_WARN_UNDECLARED_SELECTOR = YES;
				GCC_WARN_UNINITIALIZED_AUTOS = YES_AGGRESSIVE;
				GCC_WARN_UNUSED_FUNCTION = YES;
				GCC_WARN_UNUSED_VARIABLE = YES;
				IPHONEOS_DEPLOYMENT_TARGET = 10.2;
				MTL_ENABLE_DEBUG_INFO = NO;
				SDKROOT = iphoneos;
				TARGETED_DEVICE_FAMILY = "1,2";
				VALIDATE_PRODUCT = YES;
			};
			name = Release;
		};
		3A0720611EA50B990067DDB4 /* Debug */ = {
			isa = XCBuildConfiguration;
			buildSettings = {
				ASSETCATALOG_COMPILER_APPICON_NAME = AppIcon;
				INFOPLIST_FILE = EOCTimer/Info.plist;
				LD_RUNPATH_SEARCH_PATHS = "$(inherited) @executable_path/Frameworks";
				PRODUCT_BUNDLE_IDENTIFIER = "--.EOCTimer";
				PRODUCT_NAME = "$(TARGET_NAME)";
			};
			name = Debug;
		};
		3A0720621EA50B990067DDB4 /* Release */ = {
			isa = XCBuildConfiguration;
			buildSettings = {
				ASSETCATALOG_COMPILER_APPICON_NAME = AppIcon;
				INFOPLIST_FILE = EOCTimer/Info.plist;
				LD_RUNPATH_SEARCH_PATHS = "$(inherited) @executable_path/Frameworks";
				PRODUCT_BUNDLE_IDENTIFIER = "--.EOCTimer";
				PRODUCT_NAME = "$(TARGET_NAME)";
			};
			name = Release;
		};
/* End XCBuildConfiguration section */

/* Begin XCConfigurationList section */
		3A0720441EA50B990067DDB4 /* Build configuration list for PBXProject "EOCTimer" */ = {
			isa = XCConfigurationList;
			buildConfigurations = (
				3A07205E1EA50B990067DDB4 /* Debug */,
				3A07205F1EA50B990067DDB4 /* Release */,
			);
			defaultConfigurationIsVisible = 0;
			defaultConfigurationName = Release;
		};
		3A0720601EA50B990067DDB4 /* Build configuration list for PBXNativeTarget "EOCTimer" */ = {
			isa = XCConfigurationList;
			buildConfigurations = (
				3A0720611EA50B990067DDB4 /* Debug */,
				3A0720621EA50B990067DDB4 /* Release */,
			);
			defaultConfigurationIsVisible = 0;
			defaultConfigurationName = Release;
		};
/* End XCConfigurationList section */
	};
	rootObject = 3A0720411EA50B990067DDB4 /* Project object */;
}
